// !$*UTF8*$!
{
	archiveVersion = 1;
	classes = {
	};
	objectVersion = 46;
	objects = {

/* Begin PBXBuildFile section */
		B194F9501B7D319C00E31F4B /* AppDelegate.swift in Sources */ = {isa = PBXBuildFile; fileRef = B194F94F1B7D319C00E31F4B /* AppDelegate.swift */; };
		B194F9521B7D319C00E31F4B /* ViewController.swift in Sources */ = {isa = PBXBuildFile; fileRef = B194F9511B7D319C00E31F4B /* ViewController.swift */; };
		B194F9551B7D319C00E31F4B /* Main.storyboard in Resources */ = {isa = PBXBuildFile; fileRef = B194F9531B7D319C00E31F4B /* Main.storyboard */; };
		B194F9571B7D319C00E31F4B /* Images.xcassets in Resources */ = {isa = PBXBuildFile; fileRef = B194F9561B7D319C00E31F4B /* Images.xcassets */; };
		B194F95A1B7D319C00E31F4B /* LaunchScreen.xib in Resources */ = {isa = PBXBuildFile; fileRef = B194F9581B7D319C00E31F4B /* LaunchScreen.xib */; };
		B194F9661B7D319C00E31F4B /* HelloLakesTests.swift in Sources */ = {isa = PBXBuildFile; fileRef = B194F9651B7D319C00E31F4B /* HelloLakesTests.swift */; };
/* End PBXBuildFile section */

/* Begin PBXContainerItemProxy section */
		B194F9601B7D319C00E31F4B /* PBXContainerItemProxy */ = {
			isa = PBXContainerItemProxy;
			containerPortal = B194F9421B7D319C00E31F4B /* Project object */;
			proxyType = 1;
			remoteGlobalIDString = B194F9491B7D319C00E31F4B;
			remoteInfo = HelloLakes;
		};
/* End PBXContainerItemProxy section */

/* Begin PBXFileReference section */
		B194F94A1B7D319C00E31F4B /* HelloLakes.app */ = {isa = PBXFileReference; explicitFileType = wrapper.application; includeInIndex = 0; path = HelloLakes.app; sourceTree = BUILT_PRODUCTS_DIR; };
		B194F94E1B7D319C00E31F4B /* Info.plist */ = {isa = PBXFileReference; lastKnownFileType = text.plist.xml; path = Info.plist; sourceTree = "<group>"; };
		B194F94F1B7D319C00E31F4B /* AppDelegate.swift */ = {isa = PBXFileReference; lastKnownFileType = sourcecode.swift; path = AppDelegate.swift; sourceTree = "<group>"; };
		B194F9511B7D319C00E31F4B /* ViewController.swift */ = {isa = PBXFileReference; lastKnownFileType = sourcecode.swift; path = ViewController.swift; sourceTree = "<group>"; };
		B194F9541B7D319C00E31F4B /* Base */ = {isa = PBXFileReference; lastKnownFileType = file.storyboard; name = Base; path = Base.lproj/Main.storyboard; sourceTree = "<group>"; };
		B194F9561B7D319C00E31F4B /* Images.xcassets */ = {isa = PBXFileReference; lastKnownFileType = folder.assetcatalog; path = Images.xcassets; sourceTree = "<group>"; };
		B194F9591B7D319C00E31F4B /* Base */ = {isa = PBXFileReference; lastKnownFileType = file.xib; name = Base; path = Base.lproj/LaunchScreen.xib; sourceTree = "<group>"; };
		B194F95F1B7D319C00E31F4B /* HelloLakesTests.xctest */ = {isa = PBXFileReference; explicitFileType = wrapper.cfbundle; includeInIndex = 0; path = HelloLakesTests.xctest; sourceTree = BUILT_PRODUCTS_DIR; };
		B194F9641B7D319C00E31F4B /* Info.plist */ = {isa = PBXFileReference; lastKnownFileType = text.plist.xml; path = Info.plist; sourceTree = "<group>"; };
		B194F9651B7D319C00E31F4B /* HelloLakesTests.swift */ = {isa = PBXFileReference; lastKnownFileType = sourcecode.swift; path = HelloLakesTests.swift; sourceTree = "<group>"; };
/* End PBXFileReference section */

/* Begin PBXFrameworksBuildPhase section */
		B194F9471B7D319C00E31F4B /* Frameworks */ = {
			isa = PBXFrameworksBuildPhase;
			buildActionMask = 2147483647;
			files = (
			);
			runOnlyForDeploymentPostprocessing = 0;
		};
		B194F95C1B7D319C00E31F4B /* Frameworks */ = {
			isa = PBXFrameworksBuildPhase;
			buildActionMask = 2147483647;
			files = (
			);
			runOnlyForDeploymentPostprocessing = 0;
		};
/* End PBXFrameworksBuildPhase section */

/* Begin PBXGroup section */
		B194F9411B7D319C00E31F4B = {
			isa = PBXGroup;
			children = (
				B194F94C1B7D319C00E31F4B /* HelloLakes */,
				B194F9621B7D319C00E31F4B /* HelloLakesTests */,
				B194F94B1B7D319C00E31F4B /* Products */,
			);
			sourceTree = "<group>";
		};
		B194F94B1B7D319C00E31F4B /* Products */ = {
			isa = PBXGroup;
			children = (
				B194F94A1B7D319C00E31F4B /* HelloLakes.app */,
				B194F95F1B7D319C00E31F4B /* HelloLakesTests.xctest */,
			);
			name = Products;
			sourceTree = "<group>";
		};
		B194F94C1B7D319C00E31F4B /* HelloLakes */ = {
			isa = PBXGroup;
			children = (
				B194F94F1B7D319C00E31F4B /* AppDelegate.swift */,
				B194F9511B7D319C00E31F4B /* ViewController.swift */,
				B194F9531B7D319C00E31F4B /* Main.storyboard */,
				B194F9561B7D319C00E31F4B /* Images.xcassets */,
				B194F9581B7D319C00E31F4B /* LaunchScreen.xib */,
				B194F94D1B7D319C00E31F4B /* Supporting Files */,
			);
			path = HelloLakes;
			sourceTree = "<group>";
		};
		B194F94D1B7D319C00E31F4B /* Supporting Files */ = {
			isa = PBXGroup;
			children = (
				B194F94E1B7D319C00E31F4B /* Info.plist */,
			);
			name = "Supporting Files";
			sourceTree = "<group>";
		};
		B194F9621B7D319C00E31F4B /* HelloLakesTests */ = {
			isa = PBXGroup;
			children = (
				B194F9651B7D319C00E31F4B /* HelloLakesTests.swift */,
				B194F9631B7D319C00E31F4B /* Supporting Files */,
			);
			path = HelloLakesTests;
			sourceTree = "<group>";
		};
		B194F9631B7D319C00E31F4B /* Supporting Files */ = {
			isa = PBXGroup;
			children = (
				B194F9641B7D319C00E31F4B /* Info.plist */,
			);
			name = "Supporting Files";
			sourceTree = "<group>";
		};
/* End PBXGroup section */

/* Begin PBXNativeTarget section */
		B194F9491B7D319C00E31F4B /* HelloLakes */ = {
			isa = PBXNativeTarget;
			buildConfigurationList = B194F9691B7D319C00E31F4B /* Build configuration list for PBXNativeTarget "HelloLakes" */;
			buildPhases = (
				B194F9461B7D319C00E31F4B /* Sources */,
				B194F9471B7D319C00E31F4B /* Frameworks */,
				B194F9481B7D319C00E31F4B /* Resources */,
			);
			buildRules = (
			);
			dependencies = (
			);
			name = HelloLakes;
			productName = HelloLakes;
			productReference = B194F94A1B7D319C00E31F4B /* HelloLakes.app */;
			productType = "com.apple.product-type.application";
		};
		B194F95E1B7D319C00E31F4B /* HelloLakesTests */ = {
			isa = PBXNativeTarget;
			buildConfigurationList = B194F96C1B7D319C00E31F4B /* Build configuration list for PBXNativeTarget "HelloLakesTests" */;
			buildPhases = (
				B194F95B1B7D319C00E31F4B /* Sources */,
				B194F95C1B7D319C00E31F4B /* Frameworks */,
				B194F95D1B7D319C00E31F4B /* Resources */,
			);
			buildRules = (
			);
			dependencies = (
				B194F9611B7D319C00E31F4B /* PBXTargetDependency */,
			);
			name = HelloLakesTests;
			productName = HelloLakesTests;
			productReference = B194F95F1B7D319C00E31F4B /* HelloLakesTests.xctest */;
			productType = "com.apple.product-type.bundle.unit-test";
		};
/* End PBXNativeTarget section */

/* Begin PBXProject section */
		B194F9421B7D319C00E31F4B /* Project object */ = {
			isa = PBXProject;
			attributes = {
				LastUpgradeCheck = 0640;
				ORGANIZATIONNAME = LAKES;
				TargetAttributes = {
					B194F9491B7D319C00E31F4B = {
						CreatedOnToolsVersion = 6.4;
					};
					B194F95E1B7D319C00E31F4B = {
						CreatedOnToolsVersion = 6.4;
						TestTargetID = B194F9491B7D319C00E31F4B;
					};
				};
			};
			buildConfigurationList = B194F9451B7D319C00E31F4B /* Build configuration list for PBXProject "HelloLakes" */;
			compatibilityVersion = "Xcode 3.2";
			developmentRegion = English;
			hasScannedForEncodings = 0;
			knownRegions = (
				en,
				Base,
			);
			mainGroup = B194F9411B7D319C00E31F4B;
			productRefGroup = B194F94B1B7D319C00E31F4B /* Products */;
			projectDirPath = "";
			projectRoot = "";
			targets = (
				B194F9491B7D319C00E31F4B /* HelloLakes */,
				B194F95E1B7D319C00E31F4B /* HelloLakesTests */,
			);
		};
/* End PBXProject section */

/* Begin PBXResourcesBuildPhase section */
		B194F9481B7D319C00E31F4B /* Resources */ = {
			isa = PBXResourcesBuildPhase;
			buildActionMask = 2147483647;
			files = (
				B194F9551B7D319C00E31F4B /* Main.storyboard in Resources */,
				B194F95A1B7D319C00E31F4B /* LaunchScreen.xib in Resources */,
				B194F9571B7D319C00E31F4B /* Images.xcassets in Resources */,
			);
			runOnlyForDeploymentPostprocessing = 0;
		};
		B194F95D1B7D319C00E31F4B /* Resources */ = {
			isa = PBXResourcesBuildPhase;
			buildActionMask = 2147483647;
			files = (
			);
			runOnlyForDeploymentPostprocessing = 0;
		};
/* End PBXResourcesBuildPhase section */

/* Begin PBXSourcesBuildPhase section */
		B194F9461B7D319C00E31F4B /* Sources */ = {
			isa = PBXSourcesBuildPhase;
			buildActionMask = 2147483647;
			files = (
				B194F9521B7D319C00E31F4B /* ViewController.swift in Sources */,
				B194F9501B7D319C00E31F4B /* AppDelegate.swift in Sources */,
			);
			runOnlyForDeploymentPostprocessing = 0;
		};
		B194F95B1B7D319C00E31F4B /* Sources */ = {
			isa = PBXSourcesBuildPhase;
			buildActionMask = 2147483647;
			files = (
				B194F9661B7D319C00E31F4B /* HelloLakesTests.swift in Sources */,
			);
			runOnlyForDeploymentPostprocessing = 0;
		};
/* End PBXSourcesBuildPhase section */

/* Begin PBXTargetDependency section */
		B194F9611B7D319C00E31F4B /* PBXTargetDependency */ = {
			isa = PBXTargetDependency;
			target = B194F9491B7D319C00E31F4B /* HelloLakes */;
			targetProxy = B194F9601B7D319C00E31F4B /* PBXContainerItemProxy */;
		};
/* End PBXTargetDependency section */

/* Begin PBXVariantGroup section */
		B194F9531B7D319C00E31F4B /* Main.storyboard */ = {
			isa = PBXVariantGroup;
			children = (
				B194F9541B7D319C00E31F4B /* Base */,
			);
			name = Main.storyboard;
			sourceTree = "<group>";
		};
		B194F9581B7D319C00E31F4B /* LaunchScreen.xib */ = {
			isa = PBXVariantGroup;
			children = (
				B194F9591B7D319C00E31F4B /* Base */,
			);
			name = LaunchScreen.xib;
			sourceTree = "<group>";
		};
/* End PBXVariantGroup section */

/* Begin XCBuildConfiguration section */
		B194F9671B7D319C00E31F4B /* Debug */ = {
			isa = XCBuildConfiguration;
			buildSettings = {
				ALWAYS_SEARCH_USER_PATHS = NO;
				CLANG_CXX_LANGUAGE_STANDARD = "gnu++0x";
				CLANG_CXX_LIBRARY = "libc++";
				CLANG_ENABLE_MODULES = YES;
				CLANG_ENABLE_OBJC_ARC = YES;
				CLANG_WARN_BOOL_CONVERSION = YES;
				CLANG_WARN_CONSTANT_CONVERSION = YES;
				CLANG_WARN_DIRECT_OBJC_ISA_USAGE = YES_ERROR;
				CLANG_WARN_EMPTY_BODY = YES;
				CLANG_WARN_ENUM_CONVERSION = YES;
				CLANG_WARN_INT_CONVERSION = YES;
				CLANG_WARN_OBJC_ROOT_CLASS = YES_ERROR;
				CLANG_WARN_UNREACHABLE_CODE = YES;
				CLANG_WARN__DUPLICATE_METHOD_MATCH = YES;
				"CODE_SIGN_IDENTITY[sdk=iphoneos*]" = "iPhone Developer";
				COPY_PHASE_STRIP = NO;
				DEBUG_INFORMATION_FORMAT = "dwarf-with-dsym";
				ENABLE_STRICT_OBJC_MSGSEND = YES;
				GCC_C_LANGUAGE_STANDARD = gnu99;
				GCC_DYNAMIC_NO_PIC = NO;
				GCC_NO_COMMON_BLOCKS = YES;
				GCC_OPTIMIZATION_LEVEL = 0;
				GCC_PREPROCESSOR_DEFINITIONS = (
					"DEBUG=1",
					"$(inherited)",
				);
				GCC_SYMBOLS_PRIVATE_EXTERN = NO;
				GCC_WARN_64_TO_32_BIT_CONVERSION = YES;
				GCC_WARN_ABOUT_RETURN_TYPE = YES_ERROR;
				GCC_WARN_UNDECLARED_SELECTOR = YES;
				GCC_WARN_UNINITIALIZED_AUTOS = YES_AGGRESSIVE;
				GCC_WARN_UNUSED_FUNCTION = YES;
				GCC_WARN_UNUSED_VARIABLE = YES;
				IPHONEOS_DEPLOYMENT_TARGET = 8.4;
				MTL_ENABLE_DEBUG_INFO = YES;
				ONLY_ACTIVE_ARCH = YES;
				SDKROOT = iphoneos;
				SWIFT_OPTIMIZATION_LEVEL = "-Onone";
				TARGETED_DEVICE_FAMILY = "1,2";
			};
			name = Debug;
		};
		B194F9681B7D319C00E31F4B /* Release */ = {
			isa = XCBuildConfiguration;
			buildSettings = {
				ALWAYS_SEARCH_USER_PATHS = NO;
				CLANG_CXX_LANGUAGE_STANDARD = "gnu++0x";
				CLANG_CXX_LIBRARY = "libc++";
				CLANG_ENABLE_MODULES = YES;
				CLANG_ENABLE_OBJC_ARC = YES;
				CLANG_WARN_BOOL_CONVERSION = YES;
				CLANG_WARN_CONSTANT_CONVERSION = YES;
				CLANG_WARN_DIRECT_OBJC_ISA_USAGE = YES_ERROR;
				CLANG_WARN_EMPTY_BODY = YES;
				CLANG_WARN_ENUM_CONVERSION = YES;
				CLANG_WARN_INT_CONVERSION = YES;
				CLANG_WARN_OBJC_ROOT_CLASS = YES_ERROR;
				CLANG_WARN_UNREACHABLE_CODE = YES;
				CLANG_WARN__DUPLICATE_METHOD_MATCH = YES;
				"CODE_SIGN_IDENTITY[sdk=iphoneos*]" = "iPhone Developer";
				COPY_PHASE_STRIP = NO;
				DEBUG_INFORMATION_FORMAT = "dwarf-with-dsym";
				ENABLE_NS_ASSERTIONS = NO;
				ENABLE_STRICT_OBJC_MSGSEND = YES;
				GCC_C_LANGUAGE_STANDARD = gnu99;
				GCC_NO_COMMON_BLOCKS = YES;
				GCC_WARN_64_TO_32_BIT_CONVERSION = YES;
				GCC_WARN_ABOUT_RETURN_TYPE = YES_ERROR;
				GCC_WARN_UNDECLARED_SELECTOR = YES;
				GCC_WARN_UNINITIALIZED_AUTOS = YES_AGGRESSIVE;
				GCC_WARN_UNUSED_FUNCTION = YES;
				GCC_WARN_UNUSED_VARIABLE = YES;
				IPHONEOS_DEPLOYMENT_TARGET = 8.4;
				MTL_ENABLE_DEBUG_INFO = NO;
				SDKROOT = iphoneos;
				TARGETED_DEVICE_FAMILY = "1,2";
				VALIDATE_PRODUCT = YES;
			};
			name = Release;
		};
		B194F96A1B7D319C00E31F4B /* Debug */ = {
			isa = XCBuildConfiguration;
			buildSettings = {
				ASSETCATALOG_COMPILER_APPICON_NAME = AppIcon;
				INFOPLIST_FILE = HelloLakes/Info.plist;
				LD_RUNPATH_SEARCH_PATHS = "$(inherited) @executable_path/Frameworks";
				PRODUCT_NAME = "$(TARGET_NAME)";
			};
			name = Debug;
		};
		B194F96B1B7D319C00E31F4B /* Release */ = {
			isa = XCBuildConfiguration;
			buildSettings = {
				ASSETCATALOG_COMPILER_APPICON_NAME = AppIcon;
				INFOPLIST_FILE = HelloLakes/Info.plist;
				LD_RUNPATH_SEARCH_PATHS = "$(inherited) @executable_path/Frameworks";
				PRODUCT_NAME = "$(TARGET_NAME)";
			};
			name = Release;
		};
		B194F96D1B7D319C00E31F4B /* Debug */ = {
			isa = XCBuildConfiguration;
			buildSettings = {
				BUNDLE_LOADER = "$(TEST_HOST)";
				FRAMEWORK_SEARCH_PATHS = (
					"$(SDKROOT)/Developer/Library/Frameworks",
					"$(inherited)",
				);
				GCC_PREPROCESSOR_DEFINITIONS = (
					"DEBUG=1",
					"$(inherited)",
				);
				INFOPLIST_FILE = HelloLakesTests/Info.plist;
				LD_RUNPATH_SEARCH_PATHS = "$(inherited) @executable_path/Frameworks @loader_path/Frameworks";
				PRODUCT_NAME = "$(TARGET_NAME)";
				TEST_HOST = "$(BUILT_PRODUCTS_DIR)/HelloLakes.app/HelloLakes";
			};
			name = Debug;
		};
		B194F96E1B7D319C00E31F4B /* Release */ = {
			isa = XCBuildConfiguration;
			buildSettings = {
				BUNDLE_LOADER = "$(TEST_HOST)";
				FRAMEWORK_SEARCH_PATHS = (
					"$(SDKROOT)/Developer/Library/Frameworks",
					"$(inherited)",
				);
				INFOPLIST_FILE = HelloLakesTests/Info.plist;
				LD_RUNPATH_SEARCH_PATHS = "$(inherited) @executable_path/Frameworks @loader_path/Frameworks";
				PRODUCT_NAME = "$(TARGET_NAME)";
				TEST_HOST = "$(BUILT_PRODUCTS_DIR)/HelloLakes.app/HelloLakes";
			};
			name = Release;
		};
/* End XCBuildConfiguration section */

/* Begin XCConfigurationList section */
		B194F9451B7D319C00E31F4B /* Build configuration list for PBXProject "HelloLakes" */ = {
			isa = XCConfigurationList;
			buildConfigurations = (
				B194F9671B7D319C00E31F4B /* Debug */,
				B194F9681B7D319C00E31F4B /* Release */,
			);
			defaultConfigurationIsVisible = 0;
			defaultConfigurationName = Release;
		};
		B194F9691B7D319C00E31F4B /* Build configuration list for PBXNativeTarget "HelloLakes" */ = {
			isa = XCConfigurationList;
			buildConfigurations = (
				B194F96A1B7D319C00E31F4B /* Debug */,
				B194F96B1B7D319C00E31F4B /* Release */,
			);
			defaultConfigurationIsVisible = 0;
		};
		B194F96C1B7D319C00E31F4B /* Build configuration list for PBXNativeTarget "HelloLakesTests" */ = {
			isa = XCConfigurationList;
			buildConfigurations = (
				B194F96D1B7D319C00E31F4B /* Debug */,
				B194F96E1B7D319C00E31F4B /* Release */,
			);
			defaultConfigurationIsVisible = 0;
		};
/* End XCConfigurationList section */
	};
	rootObject = B194F9421B7D319C00E31F4B /* Project object */;
}
